# @generated - this file is auto-generated by `mise lock` https://mise.jdx.dev/dev-tools/mise-lock.html

[[tools."aqua:bazelbuild/buildtools/buildozer"]]
version = "8.5.1"
backend = "aqua:bazelbuild/buildtools/buildozer"

[tools."aqua:bazelbuild/buildtools/buildozer"."platforms.linux-arm64"]
checksum = "sha256:87ee1d2d81d08ccae8f9147fc58503967c85878279e892f2990912412feef1a1"
url = "https://github.com/bazelbuild/buildtools/releases/download/v8.5.1/buildozer-linux-arm64"

[tools."aqua:bazelbuild/buildtools/buildozer"."platforms.linux-arm64-musl"]
checksum = "sha256:87ee1d2d81d08ccae8f9147fc58503967c85878279e892f2990912412feef1a1"
url = "https://github.com/bazelbuild/buildtools/releases/download/v8.5.1/buildozer-linux-arm64"

[tools."aqua:bazelbuild/buildtools/buildozer"."platforms.linux-x64"]
checksum = "sha256:2b745ca2ad41f1e01673fb59ac50af6b45ca26105c1d20fad64c3d05a95522f5"
url = "https://github.com/bazelbuild/buildtools/releases/download/v8.5.1/buildozer-linux-amd64"

[tools."aqua:bazelbuild/buildtools/buildozer"."platforms.linux-x64-musl"]
checksum = "sha256:2b745ca2ad41f1e01673fb59ac50af6b45ca26105c1d20fad64c3d05a95522f5"
url = "https://github.com/bazelbuild/buildtools/releases/download/v8.5.1/buildozer-linux-amd64"

[tools."aqua:bazelbuild/buildtools/buildozer"."platforms.macos-arm64"]
checksum = "sha256:d0cf2f6e11031d62bfd4584e46eb6bb708a883ff948be76538b34b83de833262"
url = "https://github.com/bazelbuild/buildtools/releases/download/v8.5.1/buildozer-darwin-arm64"

[tools."aqua:bazelbuild/buildtools/buildozer"."platforms.macos-x64"]
checksum = "sha256:b85b9ad59c1543999a5d8bc8bee6e42b9f025be3ff520bc2d090213698850b43"
url = "https://github.com/bazelbuild/buildtools/releases/download/v8.5.1/buildozer-darwin-amd64"

[tools."aqua:bazelbuild/buildtools/buildozer"."platforms.windows-x64"]
checksum = "sha256:e177155c2c8ef41569791de34f13077cefe3e5623f9f02e099347232bc028901"
url = "https://github.com/bazelbuild/buildtools/releases/download/v8.5.1/buildozer-windows-amd64.exe"

[[tools.bazel]]
version = "9.1.0"
backend = "aqua:bazelbuild/bazel"

[tools.bazel."platforms.linux-arm64"]
checksum = "sha256:ba933bfc943e4c44f0743a5823aa2312a34b39628532add5dd037e08d8ec27a4"
url = "https://github.com/bazelbuild/bazel/releases/download/9.1.0/bazel-9.1.0-linux-arm64"

[tools.bazel."platforms.linux-arm64-musl"]
checksum = "sha256:ba933bfc943e4c44f0743a5823aa2312a34b39628532add5dd037e08d8ec27a4"
url = "https://github.com/bazelbuild/bazel/releases/download/9.1.0/bazel-9.1.0-linux-arm64"

[tools.bazel."platforms.linux-x64"]
checksum = "sha256:a667454f3f4f8878df8199136b82c199f6ada8477b337fae3b1ef854f01e4e2f"
url = "https://github.com/bazelbuild/bazel/releases/download/9.1.0/bazel-9.1.0-linux-x86_64"

[tools.bazel."platforms.linux-x64-musl"]
checksum = "sha256:a667454f3f4f8878df8199136b82c199f6ada8477b337fae3b1ef854f01e4e2f"
url = "https://github.com/bazelbuild/bazel/releases/download/9.1.0/bazel-9.1.0-linux-x86_64"

[tools.bazel."platforms.macos-arm64"]
checksum = "sha256:084a1784fa8f0dcae77fb4e88faa15048d8149a36c947ce198508bffb060e1bb"
url = "https://github.com/bazelbuild/bazel/releases/download/9.1.0/bazel-9.1.0-darwin-arm64"

[tools.bazel."platforms.macos-x64"]
checksum = "sha256:666c6c79eda285cada5f5c39c891c6dd7ee0971b20bff365ea87a4b897271433"
url = "https://github.com/bazelbuild/bazel/releases/download/9.1.0/bazel-9.1.0-darwin-x86_64"

[tools.bazel."platforms.windows-x64"]
checksum = "sha256:3da113b315dff34d66f0e16273612b311236e566fef405b79b506fd59657f842"
url = "https://github.com/bazelbuild/bazel/releases/download/9.1.0/bazel-9.1.0-windows-x86_64.zip"

[[tools.buildifier]]
version = "8.5.1"
backend = "aqua:bazelbuild/buildtools/buildifier"

[tools.buildifier."platforms.linux-arm64"]
checksum = "sha256:947bf6700d708026b2057b09bea09abbc3cafc15d9ecea35bb3885c4b09ccd04"
url = "https://github.com/bazelbuild/buildtools/releases/download/v8.5.1/buildifier-linux-arm64"

[tools.buildifier."platforms.linux-arm64-musl"]
checksum = "sha256:947bf6700d708026b2057b09bea09abbc3cafc15d9ecea35bb3885c4b09ccd04"
url = "https://github.com/bazelbuild/buildtools/releases/download/v8.5.1/buildifier-linux-arm64"

[tools.buildifier."platforms.linux-x64"]
checksum = "sha256:887377fc64d23a850f4d18a077b5db05b19913f4b99b270d193f3c7334b5a9a7"
url = "https://github.com/bazelbuild/buildtools/releases/download/v8.5.1/buildifier-linux-amd64"

[tools.buildifier."platforms.linux-x64-musl"]
checksum = "sha256:887377fc64d23a850f4d18a077b5db05b19913f4b99b270d193f3c7334b5a9a7"
url = "https://github.com/bazelbuild/buildtools/releases/download/v8.5.1/buildifier-linux-amd64"

[tools.buildifier."platforms.macos-arm64"]
checksum = "sha256:62836a9667fa0db309b0d91e840f0a3f2813a9c8ea3e44b9cd58187c90bc88ba"
url = "https://github.com/bazelbuild/buildtools/releases/download/v8.5.1/buildifier-darwin-arm64"

[tools.buildifier."platforms.macos-x64"]
checksum = "sha256:31de189e1a3fe53aa9e8c8f74a0309c325274ad19793393919e1ca65163ca1a4"
url = "https://github.com/bazelbuild/buildtools/releases/download/v8.5.1/buildifier-darwin-amd64"

[tools.buildifier."platforms.windows-x64"]
checksum = "sha256:f4ecb9c73de2bc38b845d4ee27668f6248c4813a6647db4b4931a7556052e4e1"
url = "https://github.com/bazelbuild/buildtools/releases/download/v8.5.1/buildifier-windows-amd64.exe"

[[tools.prek]]
version = "0.3.10"
backend = "aqua:j178/prek"

[tools.prek."platforms.linux-arm64"]
checksum = "sha256:50e585ce98988b70d79ec782b2cf6c787c2f0a97a448ba8594448b4a6a688943"
url = "https://github.com/j178/prek/releases/download/v0.3.10/prek-aarch64-unknown-linux-musl.tar.gz"
provenance = "github-attestations"

[tools.prek."platforms.linux-arm64-musl"]
checksum = "sha256:50e585ce98988b70d79ec782b2cf6c787c2f0a97a448ba8594448b4a6a688943"
url = "https://github.com/j178/prek/releases/download/v0.3.10/prek-aarch64-unknown-linux-musl.tar.gz"
provenance = "github-attestations"

[tools.prek."platforms.linux-x64"]
checksum = "sha256:60a873474e2ff2f70a5ad524d1b51abb6fdf5991900001eb7c8979877d75dacd"
url = "https://github.com/j178/prek/releases/download/v0.3.10/prek-x86_64-unknown-linux-musl.tar.gz"
provenance = "github-attestations"

[tools.prek."platforms.linux-x64-musl"]
checksum = "sha256:60a873474e2ff2f70a5ad524d1b51abb6fdf5991900001eb7c8979877d75dacd"
url = "https://github.com/j178/prek/releases/download/v0.3.10/prek-x86_64-unknown-linux-musl.tar.gz"
provenance = "github-attestations"

[tools.prek."platforms.macos-arm64"]
checksum = "sha256:e885e023ddb765ba31a2859bd4b9683f9b40fee3195c189a749bc4b28535ab5c"
url = "https://github.com/j178/prek/releases/download/v0.3.10/prek-aarch64-apple-darwin.tar.gz"
provenance = "github-attestations"

[tools.prek."platforms.macos-x64"]
checksum = "sha256:313882a8bfd76eb6930949ded36b23ce194ccb5431f474c62ae3fde12df100ae"
url = "https://github.com/j178/prek/releases/download/v0.3.10/prek-x86_64-apple-darwin.tar.gz"
provenance = "github-attestations"

[tools.prek."platforms.windows-x64"]
checksum = "sha256:43b85e061bbcf6febb9973a7859d029f29f5ddeeb7722bd234422d8b6bee4406"
url = "https://github.com/j178/prek/releases/download/v0.3.10/prek-x86_64-pc-windows-msvc.zip"
provenance = "github-attestations"
