# @generated - this file is auto-generated by `mise lock` https://mise.jdx.dev/dev-tools/mise-lock.html

lockfile_version = 2

[[tools."aqua:bazelbuild/buildtools/buildozer"]]
version = "10.1.0"
backend = "aqua:bazelbuild/buildtools/buildozer"
specifiers = ["latest"]

[tools."aqua:bazelbuild/buildtools/buildozer"."platforms.linux-arm64"]
checksum = "sha256:add0e7e45e10231746c6bb193e466361183dfe9d2df8f951b62c49a047508f30"
url = "https://github.com/bazel-contrib/buildtools/releases/download/v10.1.0/buildozer-linux-arm64"
url_api = "https://api.github.com/repos/bazel-contrib/buildtools/releases/assets/582390483"

[tools."aqua:bazelbuild/buildtools/buildozer"."platforms.linux-arm64-musl"]
checksum = "sha256:add0e7e45e10231746c6bb193e466361183dfe9d2df8f951b62c49a047508f30"
url = "https://github.com/bazel-contrib/buildtools/releases/download/v10.1.0/buildozer-linux-arm64"
url_api = "https://api.github.com/repos/bazel-contrib/buildtools/releases/assets/582390483"

[tools."aqua:bazelbuild/buildtools/buildozer"."platforms.linux-x64"]
checksum = "sha256:3513b8b23619f5fb7ccad546e955af6e318475582ce7b6f2b47b634bd3b8dcbd"
url = "https://github.com/bazel-contrib/buildtools/releases/download/v10.1.0/buildozer-linux-amd64"
url_api = "https://api.github.com/repos/bazel-contrib/buildtools/releases/assets/582390480"

[tools."aqua:bazelbuild/buildtools/buildozer"."platforms.linux-x64-musl"]
checksum = "sha256:3513b8b23619f5fb7ccad546e955af6e318475582ce7b6f2b47b634bd3b8dcbd"
url = "https://github.com/bazel-contrib/buildtools/releases/download/v10.1.0/buildozer-linux-amd64"
url_api = "https://api.github.com/repos/bazel-contrib/buildtools/releases/assets/582390480"

[tools."aqua:bazelbuild/buildtools/buildozer"."platforms.macos-arm64"]
checksum = "sha256:9e5d300659253c9235c50f792b46cfc5148e62513a8056e916fa2ca738b904f2"
url = "https://github.com/bazel-contrib/buildtools/releases/download/v10.1.0/buildozer-darwin-arm64"
url_api = "https://api.github.com/repos/bazel-contrib/buildtools/releases/assets/582390456"

[tools."aqua:bazelbuild/buildtools/buildozer"."platforms.macos-x64"]
checksum = "sha256:e9809d8ca40da421e1b5420dd735f32d13a0b01ebadfb7f519d5b7f4316061b4"
url = "https://github.com/bazel-contrib/buildtools/releases/download/v10.1.0/buildozer-darwin-amd64"
url_api = "https://api.github.com/repos/bazel-contrib/buildtools/releases/assets/582390458"

[tools."aqua:bazelbuild/buildtools/buildozer"."platforms.windows-x64"]
checksum = "sha256:025217f54dc8a9abdb7647d559a607c365a63fdc1e6beb44c3b4a54773596d0f"
url = "https://github.com/bazel-contrib/buildtools/releases/download/v10.1.0/buildozer-windows-amd64.exe"
url_api = "https://api.github.com/repos/bazel-contrib/buildtools/releases/assets/582390497"

[[tools.bazel]]
version = "9.2.0"
backend = "aqua:bazelbuild/bazel"
specifiers = ["latest"]

[tools.bazel."platforms.linux-arm64"]
checksum = "sha256:049dd21f40ad979db11c3ee68c96a42ce75f1185e69ac61ab20de1501427a410"
url = "https://github.com/bazelbuild/bazel/releases/download/9.2.0/bazel-9.2.0-linux-arm64"
url_api = "https://api.github.com/repos/bazelbuild/bazel/releases/assets/475879141"

[tools.bazel."platforms.linux-arm64-musl"]
checksum = "sha256:049dd21f40ad979db11c3ee68c96a42ce75f1185e69ac61ab20de1501427a410"
url = "https://github.com/bazelbuild/bazel/releases/download/9.2.0/bazel-9.2.0-linux-arm64"
url_api = "https://api.github.com/repos/bazelbuild/bazel/releases/assets/475879141"

[tools.bazel."platforms.linux-x64"]
checksum = "sha256:7668a95db1250f12c40407251e4e203b4ec8bf39bc495d2f485b2d8c99048694"
url = "https://github.com/bazelbuild/bazel/releases/download/9.2.0/bazel-9.2.0-linux-x86_64"
url_api = "https://api.github.com/repos/bazelbuild/bazel/releases/assets/475879151"

[tools.bazel."platforms.linux-x64-musl"]
checksum = "sha256:7668a95db1250f12c40407251e4e203b4ec8bf39bc495d2f485b2d8c99048694"
url = "https://github.com/bazelbuild/bazel/releases/download/9.2.0/bazel-9.2.0-linux-x86_64"
url_api = "https://api.github.com/repos/bazelbuild/bazel/releases/assets/475879151"

[tools.bazel."platforms.macos-arm64"]
checksum = "sha256:dd466352a3e4d3581b8898740ee1ff208866ccbe25f8d367c5dcb950219587e6"
url = "https://github.com/bazelbuild/bazel/releases/download/9.2.0/bazel-9.2.0-darwin-arm64"
url_api = "https://api.github.com/repos/bazelbuild/bazel/releases/assets/475879060"

[tools.bazel."platforms.macos-x64"]
checksum = "sha256:14c9bcb01303b38192e0e2895051c1bcf19bf89d7e416f5aeeeb48b6b624cfbf"
url = "https://github.com/bazelbuild/bazel/releases/download/9.2.0/bazel-9.2.0-darwin-x86_64"
url_api = "https://api.github.com/repos/bazelbuild/bazel/releases/assets/475879057"

[tools.bazel."platforms.windows-x64"]
checksum = "sha256:9508a1afba0400fc14e33b31d41ac0b4041f07684d0d26482956b347dc01838f"
url = "https://github.com/bazelbuild/bazel/releases/download/9.2.0/bazel-9.2.0-windows-x86_64.zip"
url_api = "https://api.github.com/repos/bazelbuild/bazel/releases/assets/475879205"

[[tools.buildifier]]
version = "10.1.0"
backend = "aqua:bazelbuild/buildtools/buildifier"
specifiers = ["latest"]

[tools.buildifier."platforms.linux-arm64"]
checksum = "sha256:38d2ed845f560b4a16ddee41de906508a95f8dc85b04e0851b0a71e3a70d3890"
url = "https://github.com/bazel-contrib/buildtools/releases/download/v10.1.0/buildifier-linux-arm64"
url_api = "https://api.github.com/repos/bazel-contrib/buildtools/releases/assets/582390420"

[tools.buildifier."platforms.linux-arm64-musl"]
checksum = "sha256:38d2ed845f560b4a16ddee41de906508a95f8dc85b04e0851b0a71e3a70d3890"
url = "https://github.com/bazel-contrib/buildtools/releases/download/v10.1.0/buildifier-linux-arm64"
url_api = "https://api.github.com/repos/bazel-contrib/buildtools/releases/assets/582390420"

[tools.buildifier."platforms.linux-x64"]
checksum = "sha256:31b6a8aa1e5c746696788f428729701770ad91925873d8256cb885c60e12c77e"
url = "https://github.com/bazel-contrib/buildtools/releases/download/v10.1.0/buildifier-linux-amd64"
url_api = "https://api.github.com/repos/bazel-contrib/buildtools/releases/assets/582390416"

[tools.buildifier."platforms.linux-x64-musl"]
checksum = "sha256:31b6a8aa1e5c746696788f428729701770ad91925873d8256cb885c60e12c77e"
url = "https://github.com/bazel-contrib/buildtools/releases/download/v10.1.0/buildifier-linux-amd64"
url_api = "https://api.github.com/repos/bazel-contrib/buildtools/releases/assets/582390416"

[tools.buildifier."platforms.macos-arm64"]
checksum = "sha256:e9804864c407f920f5ecbf03a5e056a8145e11a6ae6b90d2438a3fd106d34473"
url = "https://github.com/bazel-contrib/buildtools/releases/download/v10.1.0/buildifier-darwin-arm64"
url_api = "https://api.github.com/repos/bazel-contrib/buildtools/releases/assets/582390422"

[tools.buildifier."platforms.macos-x64"]
checksum = "sha256:e9e10ff52ec8786fcabccd251c8109ebf31ef7be1f667e27c6e069b96dbdc1f6"
url = "https://github.com/bazel-contrib/buildtools/releases/download/v10.1.0/buildifier-darwin-amd64"
url_api = "https://api.github.com/repos/bazel-contrib/buildtools/releases/assets/582390417"

[tools.buildifier."platforms.windows-x64"]
checksum = "sha256:931a6e9c3844b90ccdb1467ccacd8dd72457e308d2709d624a3c5880d835ac3c"
url = "https://github.com/bazel-contrib/buildtools/releases/download/v10.1.0/buildifier-windows-amd64.exe"
url_api = "https://api.github.com/repos/bazel-contrib/buildtools/releases/assets/582390451"

[[tools.hk]]
version = "2.2.0"
backend = "packslip:github.com/jdx/hk"
specifiers = ["latest"]

[tools.hk."platforms.linux-arm64"]
checksum = "sha256:8f6f86adae8d9b40ce47815af1b7a2f43a5b02d8abda7a831c8fcb9d5619e878"
url = "https://github.com/jdx/hk/releases/download/v2.2.0/hk-aarch64-unknown-linux-gnu.tar.gz"
signer = "sigstore-oidc:https://github.com/jdx/hk/.github/workflows/release.yml"

[tools.hk."platforms.linux-arm64-musl"]
checksum = "sha256:7914940ab8ebbdfcda2a4315e9efbc419d1c65828d26be04310362649aa47162"
url = "https://github.com/jdx/hk/releases/download/v2.2.0/hk-aarch64-unknown-linux-musl.tar.gz"
signer = "sigstore-oidc:https://github.com/jdx/hk/.github/workflows/release.yml"

[tools.hk."platforms.linux-x64"]
checksum = "sha256:ffb90603d1aeb6c545ff64087372c136d46bb6d820164d63b352b1c189f40053"
url = "https://github.com/jdx/hk/releases/download/v2.2.0/hk-x86_64-unknown-linux-gnu.tar.gz"
signer = "sigstore-oidc:https://github.com/jdx/hk/.github/workflows/release.yml"

[tools.hk."platforms.linux-x64-musl"]
checksum = "sha256:bf359f72335b99c872d7de28ccdd51cea2e5311c9200414a2409d5bfcd06c595"
url = "https://github.com/jdx/hk/releases/download/v2.2.0/hk-x86_64-unknown-linux-musl.tar.gz"
signer = "sigstore-oidc:https://github.com/jdx/hk/.github/workflows/release.yml"

[tools.hk."platforms.macos-arm64"]
checksum = "sha256:82da7ae00554222568ea4115939e13fca640c2fae426ea828176b5b08ea45f68"
url = "https://github.com/jdx/hk/releases/download/v2.2.0/hk-aarch64-apple-darwin.tar.gz"
signer = "sigstore-oidc:https://github.com/jdx/hk/.github/workflows/release.yml"

[tools.hk."platforms.windows-x64"]
checksum = "sha256:f265c9cadfbb2ded37328f7248dc5879804b5e460746bab5039765ee0e23eaf2"
url = "https://github.com/jdx/hk/releases/download/v2.2.0/hk-x86_64-pc-windows-msvc.zip"
signer = "sigstore-oidc:https://github.com/jdx/hk/.github/workflows/release.yml"

[[tools.rumdl]]
version = "0.2.77"
backend = "aqua:rvben/rumdl"
specifiers = ["latest"]

[tools.rumdl."platforms.linux-arm64"]
checksum = "sha256:04569b09b8e7eb31f6a410b0a17e448f220906c5e8e13e8301319c3540fd4d29"
url = "https://github.com/rvben/rumdl/releases/download/v0.2.77/rumdl-v0.2.77-aarch64-unknown-linux-gnu.tar.gz"
url_api = "https://api.github.com/repos/rvben/rumdl/releases/assets/583859182"
provenance = "github-attestations"

[tools.rumdl."platforms.linux-arm64-musl"]
checksum = "sha256:cd7e0cd23697c4c0e915fb65b3566f71b4a2a0e90a392b193c418971e9ed399f"
url = "https://github.com/rvben/rumdl/releases/download/v0.2.77/rumdl-v0.2.77-aarch64-unknown-linux-musl.tar.gz"
url_api = "https://api.github.com/repos/rvben/rumdl/releases/assets/583859181"
provenance = "github-attestations"

[tools.rumdl."platforms.linux-x64"]
checksum = "sha256:cbe5cea929fbb58b64bb428a464b069f3fe12645545adedc8932e738c8bbe862"
url = "https://github.com/rvben/rumdl/releases/download/v0.2.77/rumdl-v0.2.77-x86_64-unknown-linux-gnu.tar.gz"
url_api = "https://api.github.com/repos/rvben/rumdl/releases/assets/583859172"
provenance = "github-attestations"

[tools.rumdl."platforms.linux-x64-musl"]
checksum = "sha256:0a516c0590dfd2f3cb0abfc42580464c7fadb9e631cbdffbcc5c2546ae885ad0"
url = "https://github.com/rvben/rumdl/releases/download/v0.2.77/rumdl-v0.2.77-x86_64-unknown-linux-musl.tar.gz"
url_api = "https://api.github.com/repos/rvben/rumdl/releases/assets/583859184"
provenance = "github-attestations"

[tools.rumdl."platforms.macos-arm64"]
checksum = "sha256:52744729012b44514b3b4de1431839035d7018464899c5b09627204eebfb73bb"
url = "https://github.com/rvben/rumdl/releases/download/v0.2.77/rumdl-v0.2.77-aarch64-apple-darwin.tar.gz"
url_api = "https://api.github.com/repos/rvben/rumdl/releases/assets/583859185"
provenance = "github-attestations"

[tools.rumdl."platforms.macos-x64"]
checksum = "sha256:0951dbddfa6a28274d202581f136884474fc7225349519f7ad0eb6038c4dc8ab"
url = "https://github.com/rvben/rumdl/releases/download/v0.2.77/rumdl-v0.2.77-x86_64-apple-darwin.tar.gz"
url_api = "https://api.github.com/repos/rvben/rumdl/releases/assets/583859176"
provenance = "github-attestations"

[tools.rumdl."platforms.windows-x64"]
checksum = "sha256:8b4d0f45e67c5b17aecfe992335d285019095d3f2994befc9ea44ee4cde981c2"
url = "https://github.com/rvben/rumdl/releases/download/v0.2.77/rumdl-v0.2.77-x86_64-pc-windows-msvc.zip"
url_api = "https://api.github.com/repos/rvben/rumdl/releases/assets/583859183"
provenance = "github-attestations"

[[tools.taplo]]
version = "0.10.0"
backend = "aqua:tamasfe/taplo"
specifiers = ["latest"]

[tools.taplo."platforms.linux-arm64"]
url = "https://github.com/tamasfe/taplo/releases/download/0.10.0/taplo-linux-aarch64.gz"
url_api = "https://api.github.com/repos/tamasfe/taplo/releases/assets/257322597"

[tools.taplo."platforms.linux-arm64-musl"]
url = "https://github.com/tamasfe/taplo/releases/download/0.10.0/taplo-linux-aarch64.gz"
url_api = "https://api.github.com/repos/tamasfe/taplo/releases/assets/257322597"

[tools.taplo."platforms.linux-x64"]
url = "https://github.com/tamasfe/taplo/releases/download/0.10.0/taplo-linux-x86_64.gz"
url_api = "https://api.github.com/repos/tamasfe/taplo/releases/assets/257322600"

[tools.taplo."platforms.linux-x64-musl"]
url = "https://github.com/tamasfe/taplo/releases/download/0.10.0/taplo-linux-x86_64.gz"
url_api = "https://api.github.com/repos/tamasfe/taplo/releases/assets/257322600"

[tools.taplo."platforms.macos-arm64"]
url = "https://github.com/tamasfe/taplo/releases/download/0.10.0/taplo-darwin-aarch64.gz"
url_api = "https://api.github.com/repos/tamasfe/taplo/releases/assets/257323110"

[tools.taplo."platforms.macos-x64"]
url = "https://github.com/tamasfe/taplo/releases/download/0.10.0/taplo-darwin-x86_64.gz"
url_api = "https://api.github.com/repos/tamasfe/taplo/releases/assets/257323116"

[tools.taplo."platforms.windows-x64"]
url = "https://github.com/tamasfe/taplo/releases/download/0.10.0/taplo-windows-x86_64.zip"
url_api = "https://api.github.com/repos/tamasfe/taplo/releases/assets/257323062"

[[tools.typos]]
version = "1.50.2"
backend = "aqua:crate-ci/typos"
specifiers = ["latest"]

[tools.typos."platforms.linux-arm64"]
checksum = "sha256:27c4b6d0ba6f37d120ce32117777d703fc9d57ba71f16e8bcde5b35c987cf9b8"
url = "https://github.com/crate-ci/typos/releases/download/v1.50.2/typos-v1.50.2-aarch64-unknown-linux-musl.tar.gz"
url_api = "https://api.github.com/repos/crate-ci/typos/releases/assets/565799446"

[tools.typos."platforms.linux-arm64-musl"]
checksum = "sha256:27c4b6d0ba6f37d120ce32117777d703fc9d57ba71f16e8bcde5b35c987cf9b8"
url = "https://github.com/crate-ci/typos/releases/download/v1.50.2/typos-v1.50.2-aarch64-unknown-linux-musl.tar.gz"
url_api = "https://api.github.com/repos/crate-ci/typos/releases/assets/565799446"

[tools.typos."platforms.linux-x64"]
checksum = "sha256:abcb3e257c7c2abeff4d903f7fe68071357637605bdb283ce2251f44bc70dc09"
url = "https://github.com/crate-ci/typos/releases/download/v1.50.2/typos-v1.50.2-x86_64-unknown-linux-musl.tar.gz"
url_api = "https://api.github.com/repos/crate-ci/typos/releases/assets/565795694"

[tools.typos."platforms.linux-x64-musl"]
checksum = "sha256:abcb3e257c7c2abeff4d903f7fe68071357637605bdb283ce2251f44bc70dc09"
url = "https://github.com/crate-ci/typos/releases/download/v1.50.2/typos-v1.50.2-x86_64-unknown-linux-musl.tar.gz"
url_api = "https://api.github.com/repos/crate-ci/typos/releases/assets/565795694"

[tools.typos."platforms.macos-arm64"]
checksum = "sha256:70d61e9d682034133f0aa56f5a02bae0de168495f3cce62a87054aa7186c1901"
url = "https://github.com/crate-ci/typos/releases/download/v1.50.2/typos-v1.50.2-aarch64-apple-darwin.tar.gz"
url_api = "https://api.github.com/repos/crate-ci/typos/releases/assets/565802016"

[tools.typos."platforms.macos-x64"]
checksum = "sha256:7480a081e51d428d94f560ef8b855ae0decb7c35cc686925ed887c5f51b1ecf1"
url = "https://github.com/crate-ci/typos/releases/download/v1.50.2/typos-v1.50.2-x86_64-apple-darwin.tar.gz"
url_api = "https://api.github.com/repos/crate-ci/typos/releases/assets/565800683"

[tools.typos."platforms.windows-x64"]
checksum = "sha256:8474ca8bd72df497b7dee2272345bdea0d4926b18b708faea492fc9bcfd0b0e9"
url = "https://github.com/crate-ci/typos/releases/download/v1.50.2/typos-v1.50.2-x86_64-pc-windows-msvc.zip"
url_api = "https://api.github.com/repos/crate-ci/typos/releases/assets/565798642"

[[tools.yamlfmt]]
version = "0.21.0"
backend = "aqua:google/yamlfmt"
specifiers = ["latest"]

[tools.yamlfmt."platforms.linux-arm64"]
checksum = "sha256:5b2689c963b177271330c5ce8ca7396751107e5a826be46f03d2cb9b6f0c7784"
url = "https://github.com/google/yamlfmt/releases/download/v0.21.0/yamlfmt_0.21.0_Linux_arm64.tar.gz"
url_api = "https://api.github.com/repos/google/yamlfmt/releases/assets/336650208"

[tools.yamlfmt."platforms.linux-arm64-musl"]
checksum = "sha256:5b2689c963b177271330c5ce8ca7396751107e5a826be46f03d2cb9b6f0c7784"
url = "https://github.com/google/yamlfmt/releases/download/v0.21.0/yamlfmt_0.21.0_Linux_arm64.tar.gz"
url_api = "https://api.github.com/repos/google/yamlfmt/releases/assets/336650208"

[tools.yamlfmt."platforms.linux-x64"]
checksum = "sha256:1f300d9257b232bb3b541d7fb1b0e6b3c121bcbab381c86cd38cb8722be8a566"
url = "https://github.com/google/yamlfmt/releases/download/v0.21.0/yamlfmt_0.21.0_Linux_x86_64.tar.gz"
url_api = "https://api.github.com/repos/google/yamlfmt/releases/assets/336650203"

[tools.yamlfmt."platforms.linux-x64-musl"]
checksum = "sha256:1f300d9257b232bb3b541d7fb1b0e6b3c121bcbab381c86cd38cb8722be8a566"
url = "https://github.com/google/yamlfmt/releases/download/v0.21.0/yamlfmt_0.21.0_Linux_x86_64.tar.gz"
url_api = "https://api.github.com/repos/google/yamlfmt/releases/assets/336650203"

[tools.yamlfmt."platforms.macos-arm64"]
checksum = "sha256:4b417ecb94339d57e4c122ecc948c1a00fe328b5853266de9806e652a92858fa"
url = "https://github.com/google/yamlfmt/releases/download/v0.21.0/yamlfmt_0.21.0_Darwin_arm64.tar.gz"
url_api = "https://api.github.com/repos/google/yamlfmt/releases/assets/336650209"

[tools.yamlfmt."platforms.macos-x64"]
checksum = "sha256:060e943bcb8583c456810eb1ff4721b4f46c4a0c1a4432449d5dc3bbfe29a22b"
url = "https://github.com/google/yamlfmt/releases/download/v0.21.0/yamlfmt_0.21.0_Darwin_x86_64.tar.gz"
url_api = "https://api.github.com/repos/google/yamlfmt/releases/assets/336650207"

[tools.yamlfmt."platforms.windows-x64"]
checksum = "sha256:07f80ce5d741eb4b0a9380ac78a19c7cb5bd44e2a9a47a5a04839e3ba54dd463"
url = "https://github.com/google/yamlfmt/releases/download/v0.21.0/yamlfmt_0.21.0_Windows_x86_64.tar.gz"
url_api = "https://api.github.com/repos/google/yamlfmt/releases/assets/336650206"
