# @generated - this file is auto-generated by `mise lock` https://mise.jdx.dev/dev-tools/mise-lock.html

[[tools.ruff]]
version = "0.15.11"
backend = "aqua:astral-sh/ruff"

[tools.ruff."platforms.linux-arm64"]
checksum = "sha256:4d196496a51d4bbefc4a2a65049364c920b470afd320befa20516e59d1c065e2"
url = "https://github.com/astral-sh/ruff/releases/download/0.15.11/ruff-aarch64-unknown-linux-musl.tar.gz"
provenance = "github-attestations"

[tools.ruff."platforms.linux-arm64-musl"]
checksum = "sha256:4d196496a51d4bbefc4a2a65049364c920b470afd320befa20516e59d1c065e2"
url = "https://github.com/astral-sh/ruff/releases/download/0.15.11/ruff-aarch64-unknown-linux-musl.tar.gz"
provenance = "github-attestations"

[tools.ruff."platforms.linux-x64"]
checksum = "sha256:ea286f17b66054a3aac2672158b9ac194030d89043ff108357edd9b20123219a"
url = "https://github.com/astral-sh/ruff/releases/download/0.15.11/ruff-x86_64-unknown-linux-musl.tar.gz"
provenance = "github-attestations"

[tools.ruff."platforms.linux-x64-musl"]
checksum = "sha256:ea286f17b66054a3aac2672158b9ac194030d89043ff108357edd9b20123219a"
url = "https://github.com/astral-sh/ruff/releases/download/0.15.11/ruff-x86_64-unknown-linux-musl.tar.gz"
provenance = "github-attestations"

[tools.ruff."platforms.macos-arm64"]
checksum = "sha256:89cd4370b5c5d7ab01f436bd5d878293c9858e4e964a3da3013c49549198dc8b"
url = "https://github.com/astral-sh/ruff/releases/download/0.15.11/ruff-aarch64-apple-darwin.tar.gz"
provenance = "github-attestations"

[tools.ruff."platforms.macos-x64"]
checksum = "sha256:c6f2c36fc5f3d14ffc2db1e205aa69756de485771f39848afe848c16b8a1a648"
url = "https://github.com/astral-sh/ruff/releases/download/0.15.11/ruff-x86_64-apple-darwin.tar.gz"
provenance = "github-attestations"

[tools.ruff."platforms.windows-x64"]
checksum = "sha256:d1f76eac07c279aafc594d9ba4c6f658f7cb433002aeeadbe2959229fc368881"
url = "https://github.com/astral-sh/ruff/releases/download/0.15.11/ruff-x86_64-pc-windows-msvc.zip"
provenance = "github-attestations"
