# @generated - this file is auto-generated by `mise lock` https://mise.jdx.dev/dev-tools/mise-lock.html

lockfile_version = 1

[pkgx-packages.linux-arm64."github.com/kkos/oniguruma@6.9.10"]
url = "https://dist.pkgx.dev/github.com/kkos/oniguruma/linux/aarch64/v6.9.10.tar.xz"
checksum = "sha256:4a8203f13efbcde181253d733191b010987b4f7970189c26c41f9880bb99fd0a"
pkgx_provides = ["bin/onig-config"]

[pkgx-packages.linux-arm64-musl."github.com/kkos/oniguruma@6.9.10"]
url = "https://dist.pkgx.dev/github.com/kkos/oniguruma/linux/aarch64/v6.9.10.tar.xz"
checksum = "sha256:4a8203f13efbcde181253d733191b010987b4f7970189c26c41f9880bb99fd0a"
pkgx_provides = ["bin/onig-config"]

[pkgx-packages.linux-x64."github.com/kkos/oniguruma@6.9.10"]
url = "https://dist.pkgx.dev/github.com/kkos/oniguruma/linux/x86-64/v6.9.10.tar.xz"
checksum = "sha256:6d11828271dfcb522999d574bed74be79629def7a87f9314a6cccf078a748412"
pkgx_provides = ["bin/onig-config"]

[pkgx-packages.linux-x64-musl."github.com/kkos/oniguruma@6.9.10"]
url = "https://dist.pkgx.dev/github.com/kkos/oniguruma/linux/x86-64/v6.9.10.tar.xz"
checksum = "sha256:6d11828271dfcb522999d574bed74be79629def7a87f9314a6cccf078a748412"
pkgx_provides = ["bin/onig-config"]

[pkgx-packages.macos-arm64."github.com/kkos/oniguruma@6.9.10"]
url = "https://dist.pkgx.dev/github.com/kkos/oniguruma/darwin/aarch64/v6.9.10.tar.xz"
checksum = "sha256:b00b3fc30da60a078f0f3f01f0267e78910b80881209e041ff020c4b9039ece5"
pkgx_provides = ["bin/onig-config"]

[pkgx-packages.macos-x64."github.com/kkos/oniguruma@6.9.10"]
url = "https://dist.pkgx.dev/github.com/kkos/oniguruma/darwin/x86-64/v6.9.10.tar.xz"
checksum = "sha256:17575492c1c6b3220d99ea8580e5f62b6e91f40ff2de82a531d03d76a3111402"
pkgx_provides = ["bin/onig-config"]

[[tools."pkgx:stedolan.github.io/jq"]]
version = "1.7.1"
backend = "pkgx:stedolan.github.io/jq"
specifiers = ["latest"]

[tools."pkgx:stedolan.github.io/jq"."platforms.linux-arm64"]
checksum = "sha256:df29b8a7c10f06bb4a13dec44f491c37b33ce97a75ee56e19d158461670227ce"
url = "https://dist.pkgx.dev/stedolan.github.io/jq/linux/aarch64/v1.7.1.tar.xz"
pkgx_deps = ["github.com/kkos/oniguruma@6.9.10"]
pkgx_provides = ["bin/jq"]

[tools."pkgx:stedolan.github.io/jq"."platforms.linux-arm64-musl"]
checksum = "sha256:df29b8a7c10f06bb4a13dec44f491c37b33ce97a75ee56e19d158461670227ce"
url = "https://dist.pkgx.dev/stedolan.github.io/jq/linux/aarch64/v1.7.1.tar.xz"
pkgx_deps = ["github.com/kkos/oniguruma@6.9.10"]
pkgx_provides = ["bin/jq"]

[tools."pkgx:stedolan.github.io/jq"."platforms.linux-x64"]
checksum = "sha256:4e9186c543efeb21fe7f35617745fab4809aa438152b247d85b389baed3dce9c"
url = "https://dist.pkgx.dev/stedolan.github.io/jq/linux/x86-64/v1.7.1.tar.xz"
pkgx_deps = ["github.com/kkos/oniguruma@6.9.10"]
pkgx_provides = ["bin/jq"]

[tools."pkgx:stedolan.github.io/jq"."platforms.linux-x64-musl"]
checksum = "sha256:4e9186c543efeb21fe7f35617745fab4809aa438152b247d85b389baed3dce9c"
url = "https://dist.pkgx.dev/stedolan.github.io/jq/linux/x86-64/v1.7.1.tar.xz"
pkgx_deps = ["github.com/kkos/oniguruma@6.9.10"]
pkgx_provides = ["bin/jq"]

[tools."pkgx:stedolan.github.io/jq"."platforms.macos-arm64"]
checksum = "sha256:1e34c71369c2c170feefb68f720e20b536cb19d3c2924dc43b3e0ff1105152e9"
url = "https://dist.pkgx.dev/stedolan.github.io/jq/darwin/aarch64/v1.7.1.tar.xz"
pkgx_deps = ["github.com/kkos/oniguruma@6.9.10"]
pkgx_provides = ["bin/jq"]

[tools."pkgx:stedolan.github.io/jq"."platforms.macos-x64"]
checksum = "sha256:b93038eb38a4ba9297eb6f68457a0e1c68468397946185672cc8eff242b06396"
url = "https://dist.pkgx.dev/stedolan.github.io/jq/darwin/x86-64/v1.7.1.tar.xz"
pkgx_deps = ["github.com/kkos/oniguruma@6.9.10"]
pkgx_provides = ["bin/jq"]
