# @generated - this file is auto-generated by `mise lock` https://mise.jdx.dev/dev-tools/mise-lock.html

lockfile_version = 2

[conda-packages.linux-arm64."_openmp_mutex-4.5-20_gnu"]
url = "https://conda.anaconda.org/conda-forge/linux-aarch64/_openmp_mutex-4.5-20_gnu.conda"
checksum = "sha256:a2527b1d81792a0ccd2c05850960df119c2b6d8f5fdec97f2db7d25dc23b1068"

[conda-packages.linux-arm64."ca-certificates-2026.7.22-hbd8a1cb_0"]
url = "https://conda.anaconda.org/conda-forge/noarch/ca-certificates-2026.7.22-hbd8a1cb_0.conda"
checksum = "sha256:0a0544cf95f64394fe4959286f5c71f5444ad58feb0602e53becb27448d24da6"

[conda-packages.linux-arm64."libgcc-16.2.0-h205dda4_7"]
url = "https://conda.anaconda.org/conda-forge/linux-aarch64/libgcc-16.2.0-h205dda4_7.conda"
checksum = "sha256:eae7a3449d5a3b5351c5427137c076cc3fc826645c7bfc42dc10772b783826f1"

[conda-packages.linux-arm64."libgcc-ng-16.2.0-he9431aa_7"]
url = "https://conda.anaconda.org/conda-forge/linux-aarch64/libgcc-ng-16.2.0-he9431aa_7.conda"
checksum = "sha256:d7502682cfce6f51aabd40bba63cd6b46db3d3e4b67abdb00f54ae72332523db"

[conda-packages.linux-arm64."libgomp-16.2.0-h8acb6b2_7"]
url = "https://conda.anaconda.org/conda-forge/linux-aarch64/libgomp-16.2.0-h8acb6b2_7.conda"
checksum = "sha256:4406fd67c5beeb99b9372f9bf07aa3e40ca141e337eceebac3ff64aa72799494"

[conda-packages.linux-arm64."openssl-3.6.4-he6ad1d5_0"]
url = "https://conda.anaconda.org/conda-forge/linux-aarch64/openssl-3.6.4-he6ad1d5_0.conda"
checksum = "sha256:a70c05a9baba9b1ce17c7e8b9479029372069b3bf402dbf200bc03696c531bed"

[conda-packages.linux-arm64-musl."_openmp_mutex-4.5-20_gnu"]
url = "https://conda.anaconda.org/conda-forge/linux-aarch64/_openmp_mutex-4.5-20_gnu.conda"
checksum = "sha256:a2527b1d81792a0ccd2c05850960df119c2b6d8f5fdec97f2db7d25dc23b1068"

[conda-packages.linux-arm64-musl."ca-certificates-2026.7.22-hbd8a1cb_0"]
url = "https://conda.anaconda.org/conda-forge/noarch/ca-certificates-2026.7.22-hbd8a1cb_0.conda"
checksum = "sha256:0a0544cf95f64394fe4959286f5c71f5444ad58feb0602e53becb27448d24da6"

[conda-packages.linux-arm64-musl."libgcc-16.2.0-h205dda4_7"]
url = "https://conda.anaconda.org/conda-forge/linux-aarch64/libgcc-16.2.0-h205dda4_7.conda"
checksum = "sha256:eae7a3449d5a3b5351c5427137c076cc3fc826645c7bfc42dc10772b783826f1"

[conda-packages.linux-arm64-musl."libgcc-ng-16.2.0-he9431aa_7"]
url = "https://conda.anaconda.org/conda-forge/linux-aarch64/libgcc-ng-16.2.0-he9431aa_7.conda"
checksum = "sha256:d7502682cfce6f51aabd40bba63cd6b46db3d3e4b67abdb00f54ae72332523db"

[conda-packages.linux-arm64-musl."libgomp-16.2.0-h8acb6b2_7"]
url = "https://conda.anaconda.org/conda-forge/linux-aarch64/libgomp-16.2.0-h8acb6b2_7.conda"
checksum = "sha256:4406fd67c5beeb99b9372f9bf07aa3e40ca141e337eceebac3ff64aa72799494"

[conda-packages.linux-arm64-musl."openssl-3.6.4-he6ad1d5_0"]
url = "https://conda.anaconda.org/conda-forge/linux-aarch64/openssl-3.6.4-he6ad1d5_0.conda"
checksum = "sha256:a70c05a9baba9b1ce17c7e8b9479029372069b3bf402dbf200bc03696c531bed"

[conda-packages.linux-x64."_openmp_mutex-4.5-20_gnu"]
url = "https://conda.anaconda.org/conda-forge/linux-64/_openmp_mutex-4.5-20_gnu.conda"
checksum = "sha256:1dd3fffd892081df9726d7eb7e0dea6198962ba775bd88842135a4ddb4deb3c9"

[conda-packages.linux-x64."ca-certificates-2026.7.22-hbd8a1cb_0"]
url = "https://conda.anaconda.org/conda-forge/noarch/ca-certificates-2026.7.22-hbd8a1cb_0.conda"
checksum = "sha256:0a0544cf95f64394fe4959286f5c71f5444ad58feb0602e53becb27448d24da6"

[conda-packages.linux-x64."libgcc-16.2.0-ha9f2e26_7"]
url = "https://conda.anaconda.org/conda-forge/linux-64/libgcc-16.2.0-ha9f2e26_7.conda"
checksum = "sha256:e031634c3a928f9594eba868bc46ef5230d6571a364a0c63215b06c4563bfcea"

[conda-packages.linux-x64."libgcc-ng-16.2.0-h69a702a_7"]
url = "https://conda.anaconda.org/conda-forge/linux-64/libgcc-ng-16.2.0-h69a702a_7.conda"
checksum = "sha256:03b54d7008de080a17cc2174b0e4acd6d06e1c981b2eb19846f46d8f59966034"

[conda-packages.linux-x64."libgomp-16.2.0-he0feb66_7"]
url = "https://conda.anaconda.org/conda-forge/linux-64/libgomp-16.2.0-he0feb66_7.conda"
checksum = "sha256:92a0bb350c7be6a4eedcb4e111c60aefd176018e6b1c009a6e025dbe9bbcd758"

[conda-packages.linux-x64."openssl-3.6.4-h781a0a9_0"]
url = "https://conda.anaconda.org/conda-forge/linux-64/openssl-3.6.4-h781a0a9_0.conda"
checksum = "sha256:4747b2d6a8336f52343bceb8a1ebf41a9e6e665b9d2e3f989972de53a310599e"

[conda-packages.linux-x64-musl."_openmp_mutex-4.5-20_gnu"]
url = "https://conda.anaconda.org/conda-forge/linux-64/_openmp_mutex-4.5-20_gnu.conda"
checksum = "sha256:1dd3fffd892081df9726d7eb7e0dea6198962ba775bd88842135a4ddb4deb3c9"

[conda-packages.linux-x64-musl."ca-certificates-2026.7.22-hbd8a1cb_0"]
url = "https://conda.anaconda.org/conda-forge/noarch/ca-certificates-2026.7.22-hbd8a1cb_0.conda"
checksum = "sha256:0a0544cf95f64394fe4959286f5c71f5444ad58feb0602e53becb27448d24da6"

[conda-packages.linux-x64-musl."libgcc-16.2.0-ha9f2e26_7"]
url = "https://conda.anaconda.org/conda-forge/linux-64/libgcc-16.2.0-ha9f2e26_7.conda"
checksum = "sha256:e031634c3a928f9594eba868bc46ef5230d6571a364a0c63215b06c4563bfcea"

[conda-packages.linux-x64-musl."libgcc-ng-16.2.0-h69a702a_7"]
url = "https://conda.anaconda.org/conda-forge/linux-64/libgcc-ng-16.2.0-h69a702a_7.conda"
checksum = "sha256:03b54d7008de080a17cc2174b0e4acd6d06e1c981b2eb19846f46d8f59966034"

[conda-packages.linux-x64-musl."libgomp-16.2.0-he0feb66_7"]
url = "https://conda.anaconda.org/conda-forge/linux-64/libgomp-16.2.0-he0feb66_7.conda"
checksum = "sha256:92a0bb350c7be6a4eedcb4e111c60aefd176018e6b1c009a6e025dbe9bbcd758"

[conda-packages.linux-x64-musl."openssl-3.6.4-h781a0a9_0"]
url = "https://conda.anaconda.org/conda-forge/linux-64/openssl-3.6.4-h781a0a9_0.conda"
checksum = "sha256:4747b2d6a8336f52343bceb8a1ebf41a9e6e665b9d2e3f989972de53a310599e"

[conda-packages.macos-arm64."ca-certificates-2026.7.22-hbd8a1cb_0"]
url = "https://conda.anaconda.org/conda-forge/noarch/ca-certificates-2026.7.22-hbd8a1cb_0.conda"
checksum = "sha256:0a0544cf95f64394fe4959286f5c71f5444ad58feb0602e53becb27448d24da6"

[conda-packages.macos-arm64."openssl-3.6.4-h55eecbc_0"]
url = "https://conda.anaconda.org/conda-forge/osx-arm64/openssl-3.6.4-h55eecbc_0.conda"
checksum = "sha256:f23239eacd75c4c50705e68fae1aa3292da473e6a3a4abe2330f1e6afa680704"

[conda-packages.macos-x64."ca-certificates-2026.7.22-hbd8a1cb_0"]
url = "https://conda.anaconda.org/conda-forge/noarch/ca-certificates-2026.7.22-hbd8a1cb_0.conda"
checksum = "sha256:0a0544cf95f64394fe4959286f5c71f5444ad58feb0602e53becb27448d24da6"

[conda-packages.macos-x64."openssl-3.6.4-h332eb6d_0"]
url = "https://conda.anaconda.org/conda-forge/osx-64/openssl-3.6.4-h332eb6d_0.conda"
checksum = "sha256:73d648d24f0994fd8641972848d74bd57b8d80888a64600643e3fe88a1b50545"

[[tools."conda:redis-server"]]
version = "7.2.4"
backend = "conda:redis-server"
specifiers = ["7.2.4"]

[tools."conda:redis-server".options]
channel = "conda-forge"

[tools."conda:redis-server"."platforms.linux-arm64"]
checksum = "sha256:e44d303df3273af13cb28a13b4697fd4d615ef8ac51c33b27c78434f15db0e3e"
url = "https://conda.anaconda.org/conda-forge/linux-aarch64/redis-server-7.2.4-h5a25046_0.conda"
conda_deps = [
    "libgcc-ng-16.2.0-he9431aa_7",
    "libgcc-16.2.0-h205dda4_7",
    "openssl-3.6.4-he6ad1d5_0",
    "_openmp_mutex-4.5-20_gnu",
    "libgomp-16.2.0-h8acb6b2_7",
    "ca-certificates-2026.7.22-hbd8a1cb_0",
]

[tools."conda:redis-server"."platforms.linux-arm64-musl"]
checksum = "sha256:e44d303df3273af13cb28a13b4697fd4d615ef8ac51c33b27c78434f15db0e3e"
url = "https://conda.anaconda.org/conda-forge/linux-aarch64/redis-server-7.2.4-h5a25046_0.conda"
conda_deps = [
    "libgcc-ng-16.2.0-he9431aa_7",
    "libgcc-16.2.0-h205dda4_7",
    "openssl-3.6.4-he6ad1d5_0",
    "_openmp_mutex-4.5-20_gnu",
    "libgomp-16.2.0-h8acb6b2_7",
    "ca-certificates-2026.7.22-hbd8a1cb_0",
]

[tools."conda:redis-server"."platforms.linux-x64"]
checksum = "sha256:d3c2b5f6fdb2fb60227df536c2bfdbf98802167fad3c8ed1256b1ca6662b2827"
url = "https://conda.anaconda.org/conda-forge/linux-64/redis-server-7.2.4-h06160fa_0.conda"
conda_deps = [
    "libgcc-ng-16.2.0-h69a702a_7",
    "libgcc-16.2.0-ha9f2e26_7",
    "openssl-3.6.4-h781a0a9_0",
    "_openmp_mutex-4.5-20_gnu",
    "libgomp-16.2.0-he0feb66_7",
    "ca-certificates-2026.7.22-hbd8a1cb_0",
]

[tools."conda:redis-server"."platforms.linux-x64-musl"]
checksum = "sha256:d3c2b5f6fdb2fb60227df536c2bfdbf98802167fad3c8ed1256b1ca6662b2827"
url = "https://conda.anaconda.org/conda-forge/linux-64/redis-server-7.2.4-h06160fa_0.conda"
conda_deps = [
    "libgcc-ng-16.2.0-h69a702a_7",
    "libgcc-16.2.0-ha9f2e26_7",
    "openssl-3.6.4-h781a0a9_0",
    "_openmp_mutex-4.5-20_gnu",
    "libgomp-16.2.0-he0feb66_7",
    "ca-certificates-2026.7.22-hbd8a1cb_0",
]

[tools."conda:redis-server"."platforms.macos-arm64"]
checksum = "sha256:2476ccc748179a9e2618231b288a8d68a51f9c30bb2b74850afd4715b22b407c"
url = "https://conda.anaconda.org/conda-forge/osx-arm64/redis-server-7.2.4-hc33459c_0.conda"
conda_deps = [
    "openssl-3.6.4-h55eecbc_0",
    "ca-certificates-2026.7.22-hbd8a1cb_0",
]

[tools."conda:redis-server"."platforms.macos-x64"]
checksum = "sha256:0bd663093221e15f7360d29392ed30c1e1712300f4f8a8441c652316742f1423"
url = "https://conda.anaconda.org/conda-forge/osx-64/redis-server-7.2.4-h6916386_0.conda"
conda_deps = [
    "openssl-3.6.4-h332eb6d_0",
    "ca-certificates-2026.7.22-hbd8a1cb_0",
]
